
Microsoft Visual Studio Solution File, Format Version 12.00
# Visual Studio Version 16
VisualStudioVersion = 16.0.30615.102
MinimumVisualStudioVersion = 10.0.40219.1
Project("{9A19103F-16F7-4668-BE54-9A1E7A4F7556}") = "webauthn", "webauthn\webauthn.csproj", "{349266A0-54F8-4832-A7DF-5E90B20DA27A}"
EndProject
Project("{FAE04EC0-301F-11D3-BF4B-00C04F79EFBC}") = "webauthn.entity", "webauthn.entity\webauthn.entity.csproj", "{985430E5-5CB3-4795-A186-FE48C0D5A649}"
EndProject
Global
	GlobalSection(SolutionConfigurationPlatforms) = preSolution
		Debug|Any CPU = Debug|Any CPU
		Release|Any CPU = Release|Any CPU
	EndGlobalSection
	GlobalSection(ProjectConfigurationPlatforms) = postSolution
		{349266A0-54F8-4832-A7DF-5E90B20DA27A}.Debug|Any CPU.ActiveCfg = Debug|Any CPU
		{349266A0-54F8-4832-A7DF-5E90B20DA27A}.Debug|Any CPU.Build.0 = Debug|Any CPU
		{349266A0-54F8-4832-A7DF-5E90B20DA27A}.Release|Any CPU.ActiveCfg = Release|Any CPU
		{349266A0-54F8-4832-A7DF-5E90B20DA27A}.Release|Any CPU.Build.0 = Release|Any CPU
		{985430E5-5CB3-4795-A186-FE48C0D5A649}.Debug|Any CPU.ActiveCfg = Debug|Any CPU
		{985430E5-5CB3-4795-A186-FE48C0D5A649}.Debug|Any CPU.Build.0 = Debug|Any CPU
		{985430E5-5CB3-4795-A186-FE48C0D5A649}.Release|Any CPU.ActiveCfg = Release|Any CPU
		{985430E5-5CB3-4795-A186-FE48C0D5A649}.Release|Any CPU.Build.0 = Release|Any CPU
	EndGlobalSection
	GlobalSection(SolutionProperties) = preSolution
		HideSolutionNode = FALSE
	EndGlobalSection
	GlobalSection(ExtensibilityGlobals) = postSolution
		SolutionGuid = {6CE28DE3-F0A9-4C75-9615-4152E030EFAD}
	EndGlobalSection
EndGlobal
